// !$*UTF8*$!
{
	archiveVersion = 1;
	classes = {
	};
	objectVersion = 56;
	objects = {

/* Begin PBXBuildFile section */
		71B195612B8A1867001890C9 /* ExpenseeApp.swift in Sources */ = {isa = PBXBuildFile; fileRef = 71B195602B8A1867001890C9 /* ExpenseeApp.swift */; };
		71B195632B8A1867001890C9 /* ContentView.swift in Sources */ = {isa = PBXBuildFile; fileRef = 71B195622B8A1867001890C9 /* ContentView.swift */; };
		71B195652B8A1869001890C9 /* Assets.xcassets in Resources */ = {isa = PBXBuildFile; fileRef = 71B195642B8A1869001890C9 /* Assets.xcassets */; };
		71B195682B8A1869001890C9 /* Preview Assets.xcassets in Resources */ = {isa = PBXBuildFile; fileRef = 71B195672B8A1869001890C9 /* Preview Assets.xcassets */; };
		71B195752B8A24E6001890C9 /* ExpenseModel.xcdatamodeld in Sources */ = {isa = PBXBuildFile; fileRef = 71B195732B8A24E6001890C9 /* ExpenseModel.xcdatamodeld */; };
		71B195772B8A26DF001890C9 /* DataController.swift in Sources */ = {isa = PBXBuildFile; fileRef = 71B195762B8A26DF001890C9 /* DataController.swift */; };
/* End PBXBuildFile section */

/* Begin PBXFileReference section */
		71B1955D2B8A1867001890C9 /* Expensee.app */ = {isa = PBXFileReference; explicitFileType = wrapper.application; includeInIndex = 0; path = Expensee.app; sourceTree = BUILT_PRODUCTS_DIR; };
		71B195602B8A1867001890C9 /* ExpenseeApp.swift */ = {isa = PBXFileReference; lastKnownFileType = sourcecode.swift; path = ExpenseeApp.swift; sourceTree = "<group>"; };
		71B195622B8A1867001890C9 /* ContentView.swift */ = {isa = PBXFileReference; lastKnownFileType = sourcecode.swift; path = ContentView.swift; sourceTree = "<group>"; };
		71B195642B8A1869001890C9 /* Assets.xcassets */ = {isa = PBXFileReference; lastKnownFileType = folder.assetcatalog; path = Assets.xcassets; sourceTree = "<group>"; };
		71B195672B8A1869001890C9 /* Preview Assets.xcassets */ = {isa = PBXFileReference; lastKnownFileType = folder.assetcatalog; path = "Preview Assets.xcassets"; sourceTree = "<group>"; };
		71B195742B8A24E6001890C9 /* ExpenseModel.xcdatamodel */ = {isa = PBXFileReference; lastKnownFileType = wrapper.xcdatamodel; path = ExpenseModel.xcdatamodel; sourceTree = "<group>"; };
		71B195762B8A26DF001890C9 /* DataController.swift */ = {isa = PBXFileReference; lastKnownFileType = sourcecode.swift; path = DataController.swift; sourceTree = "<group>"; };
/* End PBXFileReference section */

/* Begin PBXFrameworksBuildPhase section */
		71B1955A2B8A1867001890C9 /* Frameworks */ = {
			isa = PBXFrameworksBuildPhase;
			buildActionMask = 2147483647;
			files = (
			);
			runOnlyForDeploymentPostprocessing = 0;
		};
/* End PBXFrameworksBuildPhase section */

/* Begin PBXGroup section */
		71B195542B8A1867001890C9 = {
			isa = PBXGroup;
			children = (
				71B1955F2B8A1867001890C9 /* Expensee */,
				71B1955E2B8A1867001890C9 /* Products */,
			);
			sourceTree = "<group>";
		};
		71B1955E2B8A1867001890C9 /* Products */ = {
			isa = PBXGroup;
			children = (
				71B1955D2B8A1867001890C9 /* Expensee.app */,
			);
			name = Products;
			sourceTree = "<group>";
		};
		71B1955F2B8A1867001890C9 /* Expensee */ = {
			isa = PBXGroup;
			children = (
				71B1956E2B8A2409001890C9 /* Supporting */,
				71B1956F2B8A241E001890C9 /* Application */,
				71B195702B8A242C001890C9 /* Common */,
				71B195722B8A2452001890C9 /* Modules */,
				71B195662B8A1869001890C9 /* Preview Content */,
			);
			path = Expensee;
			sourceTree = "<group>";
		};
		71B195662B8A1869001890C9 /* Preview Content */ = {
			isa = PBXGroup;
			children = (
				71B195672B8A1869001890C9 /* Preview Assets.xcassets */,
			);
			path = "Preview Content";
			sourceTree = "<group>";
		};
		71B1956E2B8A2409001890C9 /* Supporting */ = {
			isa = PBXGroup;
			children = (
				71B195642B8A1869001890C9 /* Assets.xcassets */,
			);
			path = Supporting;
			sourceTree = "<group>";
		};
		71B1956F2B8A241E001890C9 /* Application */ = {
			isa = PBXGroup;
			children = (
				71B195602B8A1867001890C9 /* ExpenseeApp.swift */,
			);
			path = Application;
			sourceTree = "<group>";
		};
		71B195702B8A242C001890C9 /* Common */ = {
			isa = PBXGroup;
			children = (
				71B195712B8A2447001890C9 /* Models */,
			);
			path = Common;
			sourceTree = "<group>";
		};
		71B195712B8A2447001890C9 /* Models */ = {
			isa = PBXGroup;
			children = (
				71B195732B8A24E6001890C9 /* ExpenseModel.xcdatamodeld */,
				71B195762B8A26DF001890C9 /* DataController.swift */,
			);
			path = Models;
			sourceTree = "<group>";
		};
		71B195722B8A2452001890C9 /* Modules */ = {
			isa = PBXGroup;
			children = (
				71B195622B8A1867001890C9 /* ContentView.swift */,
			);
			path = Modules;
			sourceTree = "<group>";
		};
/* End PBXGroup section */

/* Begin PBXNativeTarget section */
		71B1955C2B8A1867001890C9 /* Expensee */ = {
			isa = PBXNativeTarget;
			buildConfigurationList = 71B1956B2B8A1869001890C9 /* Build configuration list for PBXNativeTarget "Expensee" */;
			buildPhases = (
				71B195592B8A1867001890C9 /* Sources */,
				71B1955A2B8A1867001890C9 /* Frameworks */,
				71B1955B2B8A1867001890C9 /* Resources */,
			);
			buildRules = (
			);
			dependencies = (
			);
			name = Expensee;
			productName = Expensee;
			productReference = 71B1955D2B8A1867001890C9 /* Expensee.app */;
			productType = "com.apple.product-type.application";
		};
/* End PBXNativeTarget section */

/* Begin PBXProject section */
		71B195552B8A1867001890C9 /* Project object */ = {
			isa = PBXProject;
			attributes = {
				BuildIndependentTargetsInParallel = 1;
				LastSwiftUpdateCheck = 1520;
				LastUpgradeCheck = 1520;
				TargetAttributes = {
					71B1955C2B8A1867001890C9 = {
						CreatedOnToolsVersion = 15.2;
					};
				};
			};
			buildConfigurationList = 71B195582B8A1867001890C9 /* Build configuration list for PBXProject "Expensee" */;
			compatibilityVersion = "Xcode 14.0";
			developmentRegion = en;
			hasScannedForEncodings = 0;
			knownRegions = (
				en,
				Base,
			);
			mainGroup = 71B195542B8A1867001890C9;
			productRefGroup = 71B1955E2B8A1867001890C9 /* Products */;
			projectDirPath = "";
			projectRoot = "";
			targets = (
				71B1955C2B8A1867001890C9 /* Expensee */,
			);
		};
/* End PBXProject section */

/* Begin PBXResourcesBuildPhase section */
		71B1955B2B8A1867001890C9 /* Resources */ = {
			isa = PBXResourcesBuildPhase;
			buildActionMask = 2147483647;
			files = (
				71B195682B8A1869001890C9 /* Preview Assets.xcassets in Resources */,
				71B195652B8A1869001890C9 /* Assets.xcassets in Resources */,
			);
			runOnlyForDeploymentPostprocessing = 0;
		};
/* End PBXResourcesBuildPhase section */

/* Begin PBXSourcesBuildPhase section */
		71B195592B8A1867001890C9 /* Sources */ = {
			isa = PBXSourcesBuildPhase;
			buildActionMask = 2147483647;
			files = (
				71B195632B8A1867001890C9 /* ContentView.swift in Sources */,
				71B195772B8A26DF001890C9 /* DataController.swift in Sources */,
				71B195752B8A24E6001890C9 /* ExpenseModel.xcdatamodeld in Sources */,
				71B195612B8A1867001890C9 /* ExpenseeApp.swift in Sources */,
			);
			runOnlyForDeploymentPostprocessing = 0;
		};
/* End PBXSourcesBuildPhase section */

/* Begin XCBuildConfiguration section */
		71B195692B8A1869001890C9 /* Debug */ = {
			isa = XCBuildConfiguration;
			buildSettings = {
				ALWAYS_SEARCH_USER_PATHS = NO;
				ASSETCATALOG_COMPILER_GENERATE_SWIFT_ASSET_SYMBOL_EXTENSIONS = YES;
				CLANG_ANALYZER_NONNULL = YES;
				CLANG_ANALYZER_NUMBER_OBJECT_CONVERSION = YES_AGGRESSIVE;
				CLANG_CXX_LANGUAGE_STANDARD = "gnu++20";
				CLANG_ENABLE_MODULES = YES;
				CLANG_ENABLE_OBJC_ARC = YES;
				CLANG_ENABLE_OBJC_WEAK = YES;
				CLANG_WARN_BLOCK_CAPTURE_AUTORELEASING = YES;
				CLANG_WARN_BOOL_CONVERSION = YES;
				CLANG_WARN_COMMA = YES;
				CLANG_WARN_CONSTANT_CONVERSION = YES;
				CLANG_WARN_DEPRECATED_OBJC_IMPLEMENTATIONS = YES;
				CLANG_WARN_DIRECT_OBJC_ISA_USAGE = YES_ERROR;
				CLANG_WARN_DOCUMENTATION_COMMENTS = YES;
				CLANG_WARN_EMPTY_BODY = YES;
				CLANG_WARN_ENUM_CONVERSION = YES;
				CLANG_WARN_INFINITE_RECURSION = YES;
				CLANG_WARN_INT_CONVERSION = YES;
				CLANG_WARN_NON_LITERAL_NULL_CONVERSION = YES;
				CLANG_WARN_OBJC_IMPLICIT_RETAIN_SELF = YES;
				CLANG_WARN_OBJC_LITERAL_CONVERSION = YES;
				CLANG_WARN_OBJC_ROOT_CLASS = YES_ERROR;
				CLANG_WARN_QUOTED_INCLUDE_IN_FRAMEWORK_HEADER = YES;
				CLANG_WARN_RANGE_LOOP_ANALYSIS = YES;
				CLANG_WARN_STRICT_PROTOTYPES = YES;
				CLANG_WARN_SUSPICIOUS_MOVE = YES;
				CLANG_WARN_UNGUARDED_AVAILABILITY = YES_AGGRESSIVE;
				CLANG_WARN_UNREACHABLE_CODE = YES;
				CLANG_WARN__DUPLICATE_METHOD_MATCH = YES;
				COPY_PHASE_STRIP = NO;
				DEBUG_INFORMATION_FORMAT = dwarf;
				ENABLE_STRICT_OBJC_MSGSEND = YES;
				ENABLE_TESTABILITY = YES;
				ENABLE_USER_SCRIPT_SANDBOXING = YES;
				GCC_C_LANGUAGE_STANDARD = gnu17;
				GCC_DYNAMIC_NO_PIC = NO;
				GCC_NO_COMMON_BLOCKS = YES;
				GCC_OPTIMIZATION_LEVEL = 0;
				GCC_PREPROCESSOR_DEFINITIONS = (
					"DEBUG=1",
					"$(inherited)",
				);
				GCC_WARN_64_TO_32_BIT_CONVERSION = YES;
				GCC_WARN_ABOUT_RETURN_TYPE = YES_ERROR;
				GCC_WARN_UNDECLARED_SELECTOR = YES;
				GCC_WARN_UNINITIALIZED_AUTOS = YES_AGGRESSIVE;
				GCC_WARN_UNUSED_FUNCTION = YES;
				GCC_WARN_UNUSED_VARIABLE = YES;
				IPHONEOS_DEPLOYMENT_TARGET = 17.2;
				LOCALIZATION_PREFERS_STRING_CATALOGS = YES;
				MTL_ENABLE_DEBUG_INFO = INCLUDE_SOURCE;
				MTL_FAST_MATH = YES;
				ONLY_ACTIVE_ARCH = YES;
				SDKROOT = iphoneos;
				SWIFT_ACTIVE_COMPILATION_CONDITIONS = "DEBUG $(inherited)";
				SWIFT_OPTIMIZATION_LEVEL = "-Onone";
			};
			name = Debug;
		};
		71B1956A2B8A1869001890C9 /* Release */ = {
			isa = XCBuildConfiguration;
			buildSettings = {
				ALWAYS_SEARCH_USER_PATHS = NO;
				ASSETCATALOG_COMPILER_GENERATE_SWIFT_ASSET_SYMBOL_EXTENSIONS = YES;
				CLANG_ANALYZER_NONNULL = YES;
				CLANG_ANALYZER_NUMBER_OBJECT_CONVERSION = YES_AGGRESSIVE;
				CLANG_CXX_LANGUAGE_STANDARD = "gnu++20";
				CLANG_ENABLE_MODULES = YES;
				CLANG_ENABLE_OBJC_ARC = YES;
				CLANG_ENABLE_OBJC_WEAK = YES;
				CLANG_WARN_BLOCK_CAPTURE_AUTORELEASING = YES;
				CLANG_WARN_BOOL_CONVERSION = YES;
				CLANG_WARN_COMMA = YES;
				CLANG_WARN_CONSTANT_CONVERSION = YES;
				CLANG_WARN_DEPRECATED_OBJC_IMPLEMENTATIONS = YES;
				CLANG_WARN_DIRECT_OBJC_ISA_USAGE = YES_ERROR;
				CLANG_WARN_DOCUMENTATION_COMMENTS = YES;
				CLANG_WARN_EMPTY_BODY = YES;
				CLANG_WARN_ENUM_CONVERSION = YES;
				CLANG_WARN_INFINITE_RECURSION = YES;
				CLANG_WARN_INT_CONVERSION = YES;
				CLANG_WARN_NON_LITERAL_NULL_CONVERSION = YES;
				CLANG_WARN_OBJC_IMPLICIT_RETAIN_SELF = YES;
				CLANG_WARN_OBJC_LITERAL_CONVERSION = YES;
				CLANG_WARN_OBJC_ROOT_CLASS = YES_ERROR;
				CLANG_WARN_QUOTED_INCLUDE_IN_FRAMEWORK_HEADER = YES;
				CLANG_WARN_RANGE_LOOP_ANALYSIS = YES;
				CLANG_WARN_STRICT_PROTOTYPES = YES;
				CLANG_WARN_SUSPICIOUS_MOVE = YES;
				CLANG_WARN_UNGUARDED_AVAILABILITY = YES_AGGRESSIVE;
				CLANG_WARN_UNREACHABLE_CODE = YES;
				CLANG_WARN__DUPLICATE_METHOD_MATCH = YES;
				COPY_PHASE_STRIP = NO;
				DEBUG_INFORMATION_FORMAT = "dwarf-with-dsym";
				ENABLE_NS_ASSERTIONS = NO;
				ENABLE_STRICT_OBJC_MSGSEND = YES;
				ENABLE_USER_SCRIPT_SANDBOXING = YES;
				GCC_C_LANGUAGE_STANDARD = gnu17;
				GCC_NO_COMMON_BLOCKS = YES;
				GCC_WARN_64_TO_32_BIT_CONVERSION = YES;
				GCC_WARN_ABOUT_RETURN_TYPE = YES_ERROR;
				GCC_WARN_UNDECLARED_SELECTOR = YES;
				GCC_WARN_UNINITIALIZED_AUTOS = YES_AGGRESSIVE;
				GCC_WARN_UNUSED_FUNCTION = YES;
				GCC_WARN_UNUSED_VARIABLE = YES;
				IPHONEOS_DEPLOYMENT_TARGET = 17.2;
				LOCALIZATION_PREFERS_STRING_CATALOGS = YES;
				MTL_ENABLE_DEBUG_INFO = NO;
				MTL_FAST_MATH = YES;
				SDKROOT = iphoneos;
				SWIFT_COMPILATION_MODE = wholemodule;
				VALIDATE_PRODUCT = YES;
			};
			name = Release;
		};
		71B1956C2B8A1869001890C9 /* Debug */ = {
			isa = XCBuildConfiguration;
			buildSettings = {
				ASSETCATALOG_COMPILER_APPICON_NAME = AppIcon;
				ASSETCATALOG_COMPILER_GLOBAL_ACCENT_COLOR_NAME = AccentColor;
				CODE_SIGN_STYLE = Automatic;
				CURRENT_PROJECT_VERSION = 1;
				DEVELOPMENT_ASSET_PATHS = "\"Expensee/Preview Content\"";
				DEVELOPMENT_TEAM = KHWGR9MFHS;
				ENABLE_PREVIEWS = YES;
				GENERATE_INFOPLIST_FILE = YES;
				INFOPLIST_KEY_UIApplicationSceneManifest_Generation = YES;
				INFOPLIST_KEY_UIApplicationSupportsIndirectInputEvents = YES;
				INFOPLIST_KEY_UILaunchScreen_Generation = YES;
				INFOPLIST_KEY_UISupportedInterfaceOrientations_iPad = "UIInterfaceOrientationPortrait UIInterfaceOrientationPortraitUpsideDown UIInterfaceOrientationLandscapeLeft UIInterfaceOrientationLandscapeRight";
				INFOPLIST_KEY_UISupportedInterfaceOrientations_iPhone = "UIInterfaceOrientationPortrait UIInterfaceOrientationLandscapeLeft UIInterfaceOrientationLandscapeRight";
				LD_RUNPATH_SEARCH_PATHS = (
					"$(inherited)",
					"@executable_path/Frameworks",
				);
				MARKETING_VERSION = 1.0;
				PRODUCT_BUNDLE_IDENTIFIER = com.KristinaMatijasic.Expensee;
				PRODUCT_NAME = "$(TARGET_NAME)";
				SWIFT_EMIT_LOC_STRINGS = YES;
				SWIFT_VERSION = 5.0;
				TARGETED_DEVICE_FAMILY = "1,2";
			};
			name = Debug;
		};
		71B1956D2B8A1869001890C9 /* Release */ = {
			isa = XCBuildConfiguration;
			buildSettings = {
				ASSETCATALOG_COMPILER_APPICON_NAME = AppIcon;
				ASSETCATALOG_COMPILER_GLOBAL_ACCENT_COLOR_NAME = AccentColor;
				CODE_SIGN_STYLE = Automatic;
				CURRENT_PROJECT_VERSION = 1;
				DEVELOPMENT_ASSET_PATHS = "\"Expensee/Preview Content\"";
				DEVELOPMENT_TEAM = KHWGR9MFHS;
				ENABLE_PREVIEWS = YES;
				GENERATE_INFOPLIST_FILE = YES;
				INFOPLIST_KEY_UIApplicationSceneManifest_Generation = YES;
				INFOPLIST_KEY_UIApplicationSupportsIndirectInputEvents = YES;
				INFOPLIST_KEY_UILaunchScreen_Generation = YES;
				INFOPLIST_KEY_UISupportedInterfaceOrientations_iPad = "UIInterfaceOrientationPortrait UIInterfaceOrientationPortraitUpsideDown UIInterfaceOrientationLandscapeLeft UIInterfaceOrientationLandscapeRight";
				INFOPLIST_KEY_UISupportedInterfaceOrientations_iPhone = "UIInterfaceOrientationPortrait UIInterfaceOrientationLandscapeLeft UIInterfaceOrientationLandscapeRight";
				LD_RUNPATH_SEARCH_PATHS = (
					"$(inherited)",
					"@executable_path/Frameworks",
				);
				MARKETING_VERSION = 1.0;
				PRODUCT_BUNDLE_IDENTIFIER = com.KristinaMatijasic.Expensee;
				PRODUCT_NAME = "$(TARGET_NAME)";
				SWIFT_EMIT_LOC_STRINGS = YES;
				SWIFT_VERSION = 5.0;
				TARGETED_DEVICE_FAMILY = "1,2";
			};
			name = Release;
		};
/* End XCBuildConfiguration section */

/* Begin XCConfigurationList section */
		71B195582B8A1867001890C9 /* Build configuration list for PBXProject "Expensee" */ = {
			isa = XCConfigurationList;
			buildConfigurations = (
				71B195692B8A1869001890C9 /* Debug */,
				71B1956A2B8A1869001890C9 /* Release */,
			);
			defaultConfigurationIsVisible = 0;
			defaultConfigurationName = Release;
		};
		71B1956B2B8A1869001890C9 /* Build configuration list for PBXNativeTarget "Expensee" */ = {
			isa = XCConfigurationList;
			buildConfigurations = (
				71B1956C2B8A1869001890C9 /* Debug */,
				71B1956D2B8A1869001890C9 /* Release */,
			);
			defaultConfigurationIsVisible = 0;
			defaultConfigurationName = Release;
		};
/* End XCConfigurationList section */

/* Begin XCVersionGroup section */
		71B195732B8A24E6001890C9 /* ExpenseModel.xcdatamodeld */ = {
			isa = XCVersionGroup;
			children = (
				71B195742B8A24E6001890C9 /* ExpenseModel.xcdatamodel */,
			);
			currentVersion = 71B195742B8A24E6001890C9 /* ExpenseModel.xcdatamodel */;
			path = ExpenseModel.xcdatamodeld;
			sourceTree = "<group>";
			versionGroupType = wrapper.xcdatamodel;
		};
/* End XCVersionGroup section */
	};
	rootObject = 71B195552B8A1867001890C9 /* Project object */;
}
