// !$*UTF8*$!
{
	archiveVersion = 1;
	classes = {
	};
	objectVersion = 56;
	objects = {

/* Begin PBXBuildFile section */
		71B195612B8A1867001890C9 /* ExpenseeApp.swift in Sources */ = {isa = PBXBuildFile; fileRef = 71B195602B8A1867001890C9 /* ExpenseeApp.swift */; };
		71B195632B8A1867001890C9 /* RootView.swift in Sources */ = {isa = PBXBuildFile; fileRef = 71B195622B8A1867001890C9 /* RootView.swift */; };
		71B195652B8A1869001890C9 /* Assets.xcassets in Resources */ = {isa = PBXBuildFile; fileRef = 71B195642B8A1869001890C9 /* Assets.xcassets */; };
		71B195682B8A1869001890C9 /* Preview Assets.xcassets in Resources */ = {isa = PBXBuildFile; fileRef = 71B195672B8A1869001890C9 /* Preview Assets.xcassets */; };
		71B195752B8A24E6001890C9 /* ExpenseModel.xcdatamodeld in Sources */ = {isa = PBXBuildFile; fileRef = 71B195732B8A24E6001890C9 /* ExpenseModel.xcdatamodeld */; };
		71B195772B8A26DF001890C9 /* DataController.swift in Sources */ = {isa = PBXBuildFile; fileRef = 71B195762B8A26DF001890C9 /* DataController.swift */; };
		71B1957A2B8A3423001890C9 /* AddExpenseView.swift in Sources */ = {isa = PBXBuildFile; fileRef = 71B195792B8A3423001890C9 /* AddExpenseView.swift */; };
		71B1957C2B8A34BA001890C9 /* AddExpenseViewModel.swift in Sources */ = {isa = PBXBuildFile; fileRef = 71B1957B2B8A34BA001890C9 /* AddExpenseViewModel.swift */; };
		71B1957F2B8A35FB001890C9 /* CustomNavigationView.swift in Sources */ = {isa = PBXBuildFile; fileRef = 71B1957E2B8A35FB001890C9 /* CustomNavigationView.swift */; };
		71B195842B8A4EC1001890C9 /* HomeView.swift in Sources */ = {isa = PBXBuildFile; fileRef = 71B195832B8A4EC1001890C9 /* HomeView.swift */; };
		71B1958E2B8A620B001890C9 /* ExpenseDataModelExtension.swift in Sources */ = {isa = PBXBuildFile; fileRef = 71B1958D2B8A620B001890C9 /* ExpenseDataModelExtension.swift */; };
		71B195912B8A6397001890C9 /* ColorExtension.swift in Sources */ = {isa = PBXBuildFile; fileRef = 71B195902B8A6397001890C9 /* ColorExtension.swift */; };
		71B195932B8A67F7001890C9 /* PrimaryButtonView.swift in Sources */ = {isa = PBXBuildFile; fileRef = 71B195922B8A67F7001890C9 /* PrimaryButtonView.swift */; };
		71B195952B8A6902001890C9 /* CustomTextFieldView.swift in Sources */ = {isa = PBXBuildFile; fileRef = 71B195942B8A6902001890C9 /* CustomTextFieldView.swift */; };
		71B195972B8A78E2001890C9 /* CustomDropdownView.swift in Sources */ = {isa = PBXBuildFile; fileRef = 71B195962B8A78E2001890C9 /* CustomDropdownView.swift */; };
		71B1959C2B8B42CF001890C9 /* HomeContainerView.swift in Sources */ = {isa = PBXBuildFile; fileRef = 71B1959B2B8B42CF001890C9 /* HomeContainerView.swift */; };
		71B1959E2B8B4326001890C9 /* DoubleExtension.swift in Sources */ = {isa = PBXBuildFile; fileRef = 71B1959D2B8B4326001890C9 /* DoubleExtension.swift */; };
		71B195A02B8B438E001890C9 /* DateExtension.swift in Sources */ = {isa = PBXBuildFile; fileRef = 71B1959F2B8B438E001890C9 /* DateExtension.swift */; };
		71B195A32B8B446A001890C9 /* ExpenseView.swift in Sources */ = {isa = PBXBuildFile; fileRef = 71B195A22B8B446A001890C9 /* ExpenseView.swift */; };
		71B195A62B8B44B6001890C9 /* HomeHeaderView.swift in Sources */ = {isa = PBXBuildFile; fileRef = 71B195A52B8B44B6001890C9 /* HomeHeaderView.swift */; };
		71B195A82B8B51E0001890C9 /* DictionaryExtension.swift in Sources */ = {isa = PBXBuildFile; fileRef = 71B195A72B8B51E0001890C9 /* DictionaryExtension.swift */; };
		71B195AA2B8B5211001890C9 /* ExpensesChartView.swift in Sources */ = {isa = PBXBuildFile; fileRef = 71B195A92B8B5211001890C9 /* ExpensesChartView.swift */; };
		71B195AD2B8B53BF001890C9 /* MonthDetailsView.swift in Sources */ = {isa = PBXBuildFile; fileRef = 71B195AC2B8B53BF001890C9 /* MonthDetailsView.swift */; };
		71B195AF2B8B53D0001890C9 /* MonthDetailsViewModel.swift in Sources */ = {isa = PBXBuildFile; fileRef = 71B195AE2B8B53D0001890C9 /* MonthDetailsViewModel.swift */; };
		71B195B12B8B5EAA001890C9 /* ExpenseCategoryView.swift in Sources */ = {isa = PBXBuildFile; fileRef = 71B195B02B8B5EAA001890C9 /* ExpenseCategoryView.swift */; };
		71B195B32B8B6388001890C9 /* IntExtension.swift in Sources */ = {isa = PBXBuildFile; fileRef = 71B195B22B8B6388001890C9 /* IntExtension.swift */; };
/* End PBXBuildFile section */

/* Begin PBXFileReference section */
		71B1955D2B8A1867001890C9 /* Expensee.app */ = {isa = PBXFileReference; explicitFileType = wrapper.application; includeInIndex = 0; path = Expensee.app; sourceTree = BUILT_PRODUCTS_DIR; };
		71B195602B8A1867001890C9 /* ExpenseeApp.swift */ = {isa = PBXFileReference; lastKnownFileType = sourcecode.swift; path = ExpenseeApp.swift; sourceTree = "<group>"; };
		71B195622B8A1867001890C9 /* RootView.swift */ = {isa = PBXFileReference; lastKnownFileType = sourcecode.swift; path = RootView.swift; sourceTree = "<group>"; };
		71B195642B8A1869001890C9 /* Assets.xcassets */ = {isa = PBXFileReference; lastKnownFileType = folder.assetcatalog; path = Assets.xcassets; sourceTree = "<group>"; };
		71B195672B8A1869001890C9 /* Preview Assets.xcassets */ = {isa = PBXFileReference; lastKnownFileType = folder.assetcatalog; path = "Preview Assets.xcassets"; sourceTree = "<group>"; };
		71B195742B8A24E6001890C9 /* ExpenseModel.xcdatamodel */ = {isa = PBXFileReference; lastKnownFileType = wrapper.xcdatamodel; path = ExpenseModel.xcdatamodel; sourceTree = "<group>"; };
		71B195762B8A26DF001890C9 /* DataController.swift */ = {isa = PBXFileReference; lastKnownFileType = sourcecode.swift; path = DataController.swift; sourceTree = "<group>"; };
		71B195792B8A3423001890C9 /* AddExpenseView.swift */ = {isa = PBXFileReference; lastKnownFileType = sourcecode.swift; path = AddExpenseView.swift; sourceTree = "<group>"; };
		71B1957B2B8A34BA001890C9 /* AddExpenseViewModel.swift */ = {isa = PBXFileReference; lastKnownFileType = sourcecode.swift; path = AddExpenseViewModel.swift; sourceTree = "<group>"; };
		71B1957E2B8A35FB001890C9 /* CustomNavigationView.swift */ = {isa = PBXFileReference; lastKnownFileType = sourcecode.swift; path = CustomNavigationView.swift; sourceTree = "<group>"; };
		71B195832B8A4EC1001890C9 /* HomeView.swift */ = {isa = PBXFileReference; lastKnownFileType = sourcecode.swift; path = HomeView.swift; sourceTree = "<group>"; };
		71B1958D2B8A620B001890C9 /* ExpenseDataModelExtension.swift */ = {isa = PBXFileReference; lastKnownFileType = sourcecode.swift; path = ExpenseDataModelExtension.swift; sourceTree = "<group>"; };
		71B195902B8A6397001890C9 /* ColorExtension.swift */ = {isa = PBXFileReference; lastKnownFileType = sourcecode.swift; path = ColorExtension.swift; sourceTree = "<group>"; };
		71B195922B8A67F7001890C9 /* PrimaryButtonView.swift */ = {isa = PBXFileReference; lastKnownFileType = sourcecode.swift; path = PrimaryButtonView.swift; sourceTree = "<group>"; };
		71B195942B8A6902001890C9 /* CustomTextFieldView.swift */ = {isa = PBXFileReference; lastKnownFileType = sourcecode.swift; path = CustomTextFieldView.swift; sourceTree = "<group>"; };
		71B195962B8A78E2001890C9 /* CustomDropdownView.swift */ = {isa = PBXFileReference; lastKnownFileType = sourcecode.swift; path = CustomDropdownView.swift; sourceTree = "<group>"; };
		71B1959B2B8B42CF001890C9 /* HomeContainerView.swift */ = {isa = PBXFileReference; lastKnownFileType = sourcecode.swift; path = HomeContainerView.swift; sourceTree = "<group>"; };
		71B1959D2B8B4326001890C9 /* DoubleExtension.swift */ = {isa = PBXFileReference; lastKnownFileType = sourcecode.swift; path = DoubleExtension.swift; sourceTree = "<group>"; };
		71B1959F2B8B438E001890C9 /* DateExtension.swift */ = {isa = PBXFileReference; lastKnownFileType = sourcecode.swift; path = DateExtension.swift; sourceTree = "<group>"; };
		71B195A22B8B446A001890C9 /* ExpenseView.swift */ = {isa = PBXFileReference; lastKnownFileType = sourcecode.swift; path = ExpenseView.swift; sourceTree = "<group>"; };
		71B195A52B8B44B6001890C9 /* HomeHeaderView.swift */ = {isa = PBXFileReference; lastKnownFileType = sourcecode.swift; path = HomeHeaderView.swift; sourceTree = "<group>"; };
		71B195A72B8B51E0001890C9 /* DictionaryExtension.swift */ = {isa = PBXFileReference; lastKnownFileType = sourcecode.swift; path = DictionaryExtension.swift; sourceTree = "<group>"; };
		71B195A92B8B5211001890C9 /* ExpensesChartView.swift */ = {isa = PBXFileReference; lastKnownFileType = sourcecode.swift; path = ExpensesChartView.swift; sourceTree = "<group>"; };
		71B195AC2B8B53BF001890C9 /* MonthDetailsView.swift */ = {isa = PBXFileReference; lastKnownFileType = sourcecode.swift; path = MonthDetailsView.swift; sourceTree = "<group>"; };
		71B195AE2B8B53D0001890C9 /* MonthDetailsViewModel.swift */ = {isa = PBXFileReference; lastKnownFileType = sourcecode.swift; path = MonthDetailsViewModel.swift; sourceTree = "<group>"; };
		71B195B02B8B5EAA001890C9 /* ExpenseCategoryView.swift */ = {isa = PBXFileReference; lastKnownFileType = sourcecode.swift; path = ExpenseCategoryView.swift; sourceTree = "<group>"; };
		71B195B22B8B6388001890C9 /* IntExtension.swift */ = {isa = PBXFileReference; lastKnownFileType = sourcecode.swift; path = IntExtension.swift; sourceTree = "<group>"; };
/* End PBXFileReference section */

/* Begin PBXFrameworksBuildPhase section */
		71B1955A2B8A1867001890C9 /* Frameworks */ = {
			isa = PBXFrameworksBuildPhase;
			buildActionMask = 2147483647;
			files = (
			);
			runOnlyForDeploymentPostprocessing = 0;
		};
/* End PBXFrameworksBuildPhase section */

/* Begin PBXGroup section */
		71B195542B8A1867001890C9 = {
			isa = PBXGroup;
			children = (
				71B1955F2B8A1867001890C9 /* Expensee */,
				71B1955E2B8A1867001890C9 /* Products */,
			);
			sourceTree = "<group>";
		};
		71B1955E2B8A1867001890C9 /* Products */ = {
			isa = PBXGroup;
			children = (
				71B1955D2B8A1867001890C9 /* Expensee.app */,
			);
			name = Products;
			sourceTree = "<group>";
		};
		71B1955F2B8A1867001890C9 /* Expensee */ = {
			isa = PBXGroup;
			children = (
				71B1956E2B8A2409001890C9 /* Supporting */,
				71B1956F2B8A241E001890C9 /* Application */,
				71B195702B8A242C001890C9 /* Common */,
				71B195722B8A2452001890C9 /* Modules */,
				71B195662B8A1869001890C9 /* Preview Content */,
			);
			path = Expensee;
			sourceTree = "<group>";
		};
		71B195662B8A1869001890C9 /* Preview Content */ = {
			isa = PBXGroup;
			children = (
				71B195672B8A1869001890C9 /* Preview Assets.xcassets */,
			);
			path = "Preview Content";
			sourceTree = "<group>";
		};
		71B1956E2B8A2409001890C9 /* Supporting */ = {
			isa = PBXGroup;
			children = (
				71B195642B8A1869001890C9 /* Assets.xcassets */,
			);
			path = Supporting;
			sourceTree = "<group>";
		};
		71B1956F2B8A241E001890C9 /* Application */ = {
			isa = PBXGroup;
			children = (
				71B195602B8A1867001890C9 /* ExpenseeApp.swift */,
			);
			path = Application;
			sourceTree = "<group>";
		};
		71B195702B8A242C001890C9 /* Common */ = {
			isa = PBXGroup;
			children = (
				71B1958F2B8A6389001890C9 /* Extensions */,
				71B1957D2B8A35EA001890C9 /* Views */,
				71B195712B8A2447001890C9 /* Models */,
			);
			path = Common;
			sourceTree = "<group>";
		};
		71B195712B8A2447001890C9 /* Models */ = {
			isa = PBXGroup;
			children = (
				71B195732B8A24E6001890C9 /* ExpenseModel.xcdatamodeld */,
				71B195762B8A26DF001890C9 /* DataController.swift */,
				71B1958D2B8A620B001890C9 /* ExpenseDataModelExtension.swift */,
			);
			path = Models;
			sourceTree = "<group>";
		};
		71B195722B8A2452001890C9 /* Modules */ = {
			isa = PBXGroup;
			children = (
				71B195AB2B8B53AD001890C9 /* MonthDetails */,
				71B195982B8A8442001890C9 /* Root */,
				71B195822B8A4EAD001890C9 /* Home */,
				71B195782B8A2F8C001890C9 /* AddExpense */,
			);
			path = Modules;
			sourceTree = "<group>";
		};
		71B195782B8A2F8C001890C9 /* AddExpense */ = {
			isa = PBXGroup;
			children = (
				71B195792B8A3423001890C9 /* AddExpenseView.swift */,
				71B1957B2B8A34BA001890C9 /* AddExpenseViewModel.swift */,
			);
			path = AddExpense;
			sourceTree = "<group>";
		};
		71B1957D2B8A35EA001890C9 /* Views */ = {
			isa = PBXGroup;
			children = (
				71B1957E2B8A35FB001890C9 /* CustomNavigationView.swift */,
				71B195922B8A67F7001890C9 /* PrimaryButtonView.swift */,
				71B195942B8A6902001890C9 /* CustomTextFieldView.swift */,
				71B195962B8A78E2001890C9 /* CustomDropdownView.swift */,
				71B195A22B8B446A001890C9 /* ExpenseView.swift */,
				71B195A92B8B5211001890C9 /* ExpensesChartView.swift */,
				71B195B02B8B5EAA001890C9 /* ExpenseCategoryView.swift */,
			);
			path = Views;
			sourceTree = "<group>";
		};
		71B195822B8A4EAD001890C9 /* Home */ = {
			isa = PBXGroup;
			children = (
				71B195A42B8B44A7001890C9 /* Header */,
				71B195832B8A4EC1001890C9 /* HomeView.swift */,
				71B1959B2B8B42CF001890C9 /* HomeContainerView.swift */,
			);
			path = Home;
			sourceTree = "<group>";
		};
		71B1958F2B8A6389001890C9 /* Extensions */ = {
			isa = PBXGroup;
			children = (
				71B195902B8A6397001890C9 /* ColorExtension.swift */,
				71B1959D2B8B4326001890C9 /* DoubleExtension.swift */,
				71B1959F2B8B438E001890C9 /* DateExtension.swift */,
				71B195A72B8B51E0001890C9 /* DictionaryExtension.swift */,
				71B195B22B8B6388001890C9 /* IntExtension.swift */,
			);
			path = Extensions;
			sourceTree = "<group>";
		};
		71B195982B8A8442001890C9 /* Root */ = {
			isa = PBXGroup;
			children = (
				71B195622B8A1867001890C9 /* RootView.swift */,
			);
			path = Root;
			sourceTree = "<group>";
		};
		71B195A42B8B44A7001890C9 /* Header */ = {
			isa = PBXGroup;
			children = (
				71B195A52B8B44B6001890C9 /* HomeHeaderView.swift */,
			);
			path = Header;
			sourceTree = "<group>";
		};
		71B195AB2B8B53AD001890C9 /* MonthDetails */ = {
			isa = PBXGroup;
			children = (
				71B195AC2B8B53BF001890C9 /* MonthDetailsView.swift */,
				71B195AE2B8B53D0001890C9 /* MonthDetailsViewModel.swift */,
			);
			path = MonthDetails;
			sourceTree = "<group>";
		};
/* End PBXGroup section */

/* Begin PBXNativeTarget section */
		71B1955C2B8A1867001890C9 /* Expensee */ = {
			isa = PBXNativeTarget;
			buildConfigurationList = 71B1956B2B8A1869001890C9 /* Build configuration list for PBXNativeTarget "Expensee" */;
			buildPhases = (
				71B195592B8A1867001890C9 /* Sources */,
				71B1955A2B8A1867001890C9 /* Frameworks */,
				71B1955B2B8A1867001890C9 /* Resources */,
			);
			buildRules = (
			);
			dependencies = (
			);
			name = Expensee;
			productName = Expensee;
			productReference = 71B1955D2B8A1867001890C9 /* Expensee.app */;
			productType = "com.apple.product-type.application";
		};
/* End PBXNativeTarget section */

/* Begin PBXProject section */
		71B195552B8A1867001890C9 /* Project object */ = {
			isa = PBXProject;
			attributes = {
				BuildIndependentTargetsInParallel = 1;
				LastSwiftUpdateCheck = 1520;
				LastUpgradeCheck = 1520;
				TargetAttributes = {
					71B1955C2B8A1867001890C9 = {
						CreatedOnToolsVersion = 15.2;
					};
				};
			};
			buildConfigurationList = 71B195582B8A1867001890C9 /* Build configuration list for PBXProject "Expensee" */;
			compatibilityVersion = "Xcode 14.0";
			developmentRegion = en;
			hasScannedForEncodings = 0;
			knownRegions = (
				en,
				Base,
			);
			mainGroup = 71B195542B8A1867001890C9;
			productRefGroup = 71B1955E2B8A1867001890C9 /* Products */;
			projectDirPath = "";
			projectRoot = "";
			targets = (
				71B1955C2B8A1867001890C9 /* Expensee */,
			);
		};
/* End PBXProject section */

/* Begin PBXResourcesBuildPhase section */
		71B1955B2B8A1867001890C9 /* Resources */ = {
			isa = PBXResourcesBuildPhase;
			buildActionMask = 2147483647;
			files = (
				71B195682B8A1869001890C9 /* Preview Assets.xcassets in Resources */,
				71B195652B8A1869001890C9 /* Assets.xcassets in Resources */,
			);
			runOnlyForDeploymentPostprocessing = 0;
		};
/* End PBXResourcesBuildPhase section */

/* Begin PBXSourcesBuildPhase section */
		71B195592B8A1867001890C9 /* Sources */ = {
			isa = PBXSourcesBuildPhase;
			buildActionMask = 2147483647;
			files = (
				71B1959E2B8B4326001890C9 /* DoubleExtension.swift in Sources */,
				71B195842B8A4EC1001890C9 /* HomeView.swift in Sources */,
				71B1959C2B8B42CF001890C9 /* HomeContainerView.swift in Sources */,
				71B1957F2B8A35FB001890C9 /* CustomNavigationView.swift in Sources */,
				71B195972B8A78E2001890C9 /* CustomDropdownView.swift in Sources */,
				71B195B32B8B6388001890C9 /* IntExtension.swift in Sources */,
				71B1957A2B8A3423001890C9 /* AddExpenseView.swift in Sources */,
				71B195632B8A1867001890C9 /* RootView.swift in Sources */,
				71B195772B8A26DF001890C9 /* DataController.swift in Sources */,
				71B195932B8A67F7001890C9 /* PrimaryButtonView.swift in Sources */,
				71B195A02B8B438E001890C9 /* DateExtension.swift in Sources */,
				71B195AF2B8B53D0001890C9 /* MonthDetailsViewModel.swift in Sources */,
				71B195AD2B8B53BF001890C9 /* MonthDetailsView.swift in Sources */,
				71B195AA2B8B5211001890C9 /* ExpensesChartView.swift in Sources */,
				71B195A32B8B446A001890C9 /* ExpenseView.swift in Sources */,
				71B195752B8A24E6001890C9 /* ExpenseModel.xcdatamodeld in Sources */,
				71B195A62B8B44B6001890C9 /* HomeHeaderView.swift in Sources */,
				71B1958E2B8A620B001890C9 /* ExpenseDataModelExtension.swift in Sources */,
				71B195612B8A1867001890C9 /* ExpenseeApp.swift in Sources */,
				71B195A82B8B51E0001890C9 /* DictionaryExtension.swift in Sources */,
				71B1957C2B8A34BA001890C9 /* AddExpenseViewModel.swift in Sources */,
				71B195912B8A6397001890C9 /* ColorExtension.swift in Sources */,
				71B195B12B8B5EAA001890C9 /* ExpenseCategoryView.swift in Sources */,
				71B195952B8A6902001890C9 /* CustomTextFieldView.swift in Sources */,
			);
			runOnlyForDeploymentPostprocessing = 0;
		};
/* End PBXSourcesBuildPhase section */

/* Begin XCBuildConfiguration section */
		71B195692B8A1869001890C9 /* Debug */ = {
			isa = XCBuildConfiguration;
			buildSettings = {
				ALWAYS_SEARCH_USER_PATHS = NO;
				ASSETCATALOG_COMPILER_GENERATE_SWIFT_ASSET_SYMBOL_EXTENSIONS = YES;
				CLANG_ANALYZER_NONNULL = YES;
				CLANG_ANALYZER_NUMBER_OBJECT_CONVERSION = YES_AGGRESSIVE;
				CLANG_CXX_LANGUAGE_STANDARD = "gnu++20";
				CLANG_ENABLE_MODULES = YES;
				CLANG_ENABLE_OBJC_ARC = YES;
				CLANG_ENABLE_OBJC_WEAK = YES;
				CLANG_WARN_BLOCK_CAPTURE_AUTORELEASING = YES;
				CLANG_WARN_BOOL_CONVERSION = YES;
				CLANG_WARN_COMMA = YES;
				CLANG_WARN_CONSTANT_CONVERSION = YES;
				CLANG_WARN_DEPRECATED_OBJC_IMPLEMENTATIONS = YES;
				CLANG_WARN_DIRECT_OBJC_ISA_USAGE = YES_ERROR;
				CLANG_WARN_DOCUMENTATION_COMMENTS = YES;
				CLANG_WARN_EMPTY_BODY = YES;
				CLANG_WARN_ENUM_CONVERSION = YES;
				CLANG_WARN_INFINITE_RECURSION = YES;
				CLANG_WARN_INT_CONVERSION = YES;
				CLANG_WARN_NON_LITERAL_NULL_CONVERSION = YES;
				CLANG_WARN_OBJC_IMPLICIT_RETAIN_SELF = YES;
				CLANG_WARN_OBJC_LITERAL_CONVERSION = YES;
				CLANG_WARN_OBJC_ROOT_CLASS = YES_ERROR;
				CLANG_WARN_QUOTED_INCLUDE_IN_FRAMEWORK_HEADER = YES;
				CLANG_WARN_RANGE_LOOP_ANALYSIS = YES;
				CLANG_WARN_STRICT_PROTOTYPES = YES;
				CLANG_WARN_SUSPICIOUS_MOVE = YES;
				CLANG_WARN_UNGUARDED_AVAILABILITY = YES_AGGRESSIVE;
				CLANG_WARN_UNREACHABLE_CODE = YES;
				CLANG_WARN__DUPLICATE_METHOD_MATCH = YES;
				COPY_PHASE_STRIP = NO;
				DEBUG_INFORMATION_FORMAT = dwarf;
				ENABLE_STRICT_OBJC_MSGSEND = YES;
				ENABLE_TESTABILITY = YES;
				ENABLE_USER_SCRIPT_SANDBOXING = YES;
				GCC_C_LANGUAGE_STANDARD = gnu17;
				GCC_DYNAMIC_NO_PIC = NO;
				GCC_NO_COMMON_BLOCKS = YES;
				GCC_OPTIMIZATION_LEVEL = 0;
				GCC_PREPROCESSOR_DEFINITIONS = (
					"DEBUG=1",
					"$(inherited)",
				);
				GCC_WARN_64_TO_32_BIT_CONVERSION = YES;
				GCC_WARN_ABOUT_RETURN_TYPE = YES_ERROR;
				GCC_WARN_UNDECLARED_SELECTOR = YES;
				GCC_WARN_UNINITIALIZED_AUTOS = YES_AGGRESSIVE;
				GCC_WARN_UNUSED_FUNCTION = YES;
				GCC_WARN_UNUSED_VARIABLE = YES;
				IPHONEOS_DEPLOYMENT_TARGET = 17.2;
				LOCALIZATION_PREFERS_STRING_CATALOGS = YES;
				MTL_ENABLE_DEBUG_INFO = INCLUDE_SOURCE;
				MTL_FAST_MATH = YES;
				ONLY_ACTIVE_ARCH = YES;
				SDKROOT = iphoneos;
				SWIFT_ACTIVE_COMPILATION_CONDITIONS = "DEBUG $(inherited)";
				SWIFT_OPTIMIZATION_LEVEL = "-Onone";
			};
			name = Debug;
		};
		71B1956A2B8A1869001890C9 /* Release */ = {
			isa = XCBuildConfiguration;
			buildSettings = {
				ALWAYS_SEARCH_USER_PATHS = NO;
				ASSETCATALOG_COMPILER_GENERATE_SWIFT_ASSET_SYMBOL_EXTENSIONS = YES;
				CLANG_ANALYZER_NONNULL = YES;
				CLANG_ANALYZER_NUMBER_OBJECT_CONVERSION = YES_AGGRESSIVE;
				CLANG_CXX_LANGUAGE_STANDARD = "gnu++20";
				CLANG_ENABLE_MODULES = YES;
				CLANG_ENABLE_OBJC_ARC = YES;
				CLANG_ENABLE_OBJC_WEAK = YES;
				CLANG_WARN_BLOCK_CAPTURE_AUTORELEASING = YES;
				CLANG_WARN_BOOL_CONVERSION = YES;
				CLANG_WARN_COMMA = YES;
				CLANG_WARN_CONSTANT_CONVERSION = YES;
				CLANG_WARN_DEPRECATED_OBJC_IMPLEMENTATIONS = YES;
				CLANG_WARN_DIRECT_OBJC_ISA_USAGE = YES_ERROR;
				CLANG_WARN_DOCUMENTATION_COMMENTS = YES;
				CLANG_WARN_EMPTY_BODY = YES;
				CLANG_WARN_ENUM_CONVERSION = YES;
				CLANG_WARN_INFINITE_RECURSION = YES;
				CLANG_WARN_INT_CONVERSION = YES;
				CLANG_WARN_NON_LITERAL_NULL_CONVERSION = YES;
				CLANG_WARN_OBJC_IMPLICIT_RETAIN_SELF = YES;
				CLANG_WARN_OBJC_LITERAL_CONVERSION = YES;
				CLANG_WARN_OBJC_ROOT_CLASS = YES_ERROR;
				CLANG_WARN_QUOTED_INCLUDE_IN_FRAMEWORK_HEADER = YES;
				CLANG_WARN_RANGE_LOOP_ANALYSIS = YES;
				CLANG_WARN_STRICT_PROTOTYPES = YES;
				CLANG_WARN_SUSPICIOUS_MOVE = YES;
				CLANG_WARN_UNGUARDED_AVAILABILITY = YES_AGGRESSIVE;
				CLANG_WARN_UNREACHABLE_CODE = YES;
				CLANG_WARN__DUPLICATE_METHOD_MATCH = YES;
				COPY_PHASE_STRIP = NO;
				DEBUG_INFORMATION_FORMAT = "dwarf-with-dsym";
				ENABLE_NS_ASSERTIONS = NO;
				ENABLE_STRICT_OBJC_MSGSEND = YES;
				ENABLE_USER_SCRIPT_SANDBOXING = YES;
				GCC_C_LANGUAGE_STANDARD = gnu17;
				GCC_NO_COMMON_BLOCKS = YES;
				GCC_WARN_64_TO_32_BIT_CONVERSION = YES;
				GCC_WARN_ABOUT_RETURN_TYPE = YES_ERROR;
				GCC_WARN_UNDECLARED_SELECTOR = YES;
				GCC_WARN_UNINITIALIZED_AUTOS = YES_AGGRESSIVE;
				GCC_WARN_UNUSED_FUNCTION = YES;
				GCC_WARN_UNUSED_VARIABLE = YES;
				IPHONEOS_DEPLOYMENT_TARGET = 17.2;
				LOCALIZATION_PREFERS_STRING_CATALOGS = YES;
				MTL_ENABLE_DEBUG_INFO = NO;
				MTL_FAST_MATH = YES;
				SDKROOT = iphoneos;
				SWIFT_COMPILATION_MODE = wholemodule;
				VALIDATE_PRODUCT = YES;
			};
			name = Release;
		};
		71B1956C2B8A1869001890C9 /* Debug */ = {
			isa = XCBuildConfiguration;
			buildSettings = {
				ASSETCATALOG_COMPILER_APPICON_NAME = AppIcon;
				ASSETCATALOG_COMPILER_GLOBAL_ACCENT_COLOR_NAME = AccentColor;
				CODE_SIGN_STYLE = Automatic;
				CURRENT_PROJECT_VERSION = 1;
				DEVELOPMENT_ASSET_PATHS = "\"Expensee/Preview Content\"";
				DEVELOPMENT_TEAM = KHWGR9MFHS;
				ENABLE_PREVIEWS = YES;
				GENERATE_INFOPLIST_FILE = YES;
				INFOPLIST_KEY_UIApplicationSceneManifest_Generation = YES;
				INFOPLIST_KEY_UIApplicationSupportsIndirectInputEvents = YES;
				INFOPLIST_KEY_UILaunchScreen_Generation = YES;
				INFOPLIST_KEY_UISupportedInterfaceOrientations_iPad = "UIInterfaceOrientationPortrait UIInterfaceOrientationPortraitUpsideDown UIInterfaceOrientationLandscapeLeft UIInterfaceOrientationLandscapeRight";
				INFOPLIST_KEY_UISupportedInterfaceOrientations_iPhone = "UIInterfaceOrientationPortrait UIInterfaceOrientationLandscapeLeft UIInterfaceOrientationLandscapeRight";
				LD_RUNPATH_SEARCH_PATHS = (
					"$(inherited)",
					"@executable_path/Frameworks",
				);
				MARKETING_VERSION = 1.0;
				PRODUCT_BUNDLE_IDENTIFIER = com.KristinaMatijasic.Expensee;
				PRODUCT_NAME = "$(TARGET_NAME)";
				SUPPORTED_PLATFORMS = "iphoneos iphonesimulator";
				SUPPORTS_MACCATALYST = NO;
				SUPPORTS_MAC_DESIGNED_FOR_IPHONE_IPAD = NO;
				SUPPORTS_XR_DESIGNED_FOR_IPHONE_IPAD = NO;
				SWIFT_EMIT_LOC_STRINGS = YES;
				SWIFT_VERSION = 5.0;
				TARGETED_DEVICE_FAMILY = 1;
			};
			name = Debug;
		};
		71B1956D2B8A1869001890C9 /* Release */ = {
			isa = XCBuildConfiguration;
			buildSettings = {
				ASSETCATALOG_COMPILER_APPICON_NAME = AppIcon;
				ASSETCATALOG_COMPILER_GLOBAL_ACCENT_COLOR_NAME = AccentColor;
				CODE_SIGN_STYLE = Automatic;
				CURRENT_PROJECT_VERSION = 1;
				DEVELOPMENT_ASSET_PATHS = "\"Expensee/Preview Content\"";
				DEVELOPMENT_TEAM = KHWGR9MFHS;
				ENABLE_PREVIEWS = YES;
				GENERATE_INFOPLIST_FILE = YES;
				INFOPLIST_KEY_UIApplicationSceneManifest_Generation = YES;
				INFOPLIST_KEY_UIApplicationSupportsIndirectInputEvents = YES;
				INFOPLIST_KEY_UILaunchScreen_Generation = YES;
				INFOPLIST_KEY_UISupportedInterfaceOrientations_iPad = "UIInterfaceOrientationPortrait UIInterfaceOrientationPortraitUpsideDown UIInterfaceOrientationLandscapeLeft UIInterfaceOrientationLandscapeRight";
				INFOPLIST_KEY_UISupportedInterfaceOrientations_iPhone = "UIInterfaceOrientationPortrait UIInterfaceOrientationLandscapeLeft UIInterfaceOrientationLandscapeRight";
				LD_RUNPATH_SEARCH_PATHS = (
					"$(inherited)",
					"@executable_path/Frameworks",
				);
				MARKETING_VERSION = 1.0;
				PRODUCT_BUNDLE_IDENTIFIER = com.KristinaMatijasic.Expensee;
				PRODUCT_NAME = "$(TARGET_NAME)";
				SUPPORTED_PLATFORMS = "iphoneos iphonesimulator";
				SUPPORTS_MACCATALYST = NO;
				SUPPORTS_MAC_DESIGNED_FOR_IPHONE_IPAD = NO;
				SUPPORTS_XR_DESIGNED_FOR_IPHONE_IPAD = NO;
				SWIFT_EMIT_LOC_STRINGS = YES;
				SWIFT_VERSION = 5.0;
				TARGETED_DEVICE_FAMILY = 1;
			};
			name = Release;
		};
/* End XCBuildConfiguration section */

/* Begin XCConfigurationList section */
		71B195582B8A1867001890C9 /* Build configuration list for PBXProject "Expensee" */ = {
			isa = XCConfigurationList;
			buildConfigurations = (
				71B195692B8A1869001890C9 /* Debug */,
				71B1956A2B8A1869001890C9 /* Release */,
			);
			defaultConfigurationIsVisible = 0;
			defaultConfigurationName = Release;
		};
		71B1956B2B8A1869001890C9 /* Build configuration list for PBXNativeTarget "Expensee" */ = {
			isa = XCConfigurationList;
			buildConfigurations = (
				71B1956C2B8A1869001890C9 /* Debug */,
				71B1956D2B8A1869001890C9 /* Release */,
			);
			defaultConfigurationIsVisible = 0;
			defaultConfigurationName = Release;
		};
/* End XCConfigurationList section */

/* Begin XCVersionGroup section */
		71B195732B8A24E6001890C9 /* ExpenseModel.xcdatamodeld */ = {
			isa = XCVersionGroup;
			children = (
				71B195742B8A24E6001890C9 /* ExpenseModel.xcdatamodel */,
			);
			currentVersion = 71B195742B8A24E6001890C9 /* ExpenseModel.xcdatamodel */;
			path = ExpenseModel.xcdatamodeld;
			sourceTree = "<group>";
			versionGroupType = wrapper.xcdatamodel;
		};
/* End XCVersionGroup section */
	};
	rootObject = 71B195552B8A1867001890C9 /* Project object */;
}
